
Microsoft Visual Studio Solution File, Format Version 12.00
# Visual Studio Version 16
VisualStudioVersion = 16.0.30011.22
MinimumVisualStudioVersion = 10.0.40219.1
Project("{FAE04EC0-301F-11D3-BF4B-00C04F79EFBC}") = "IotHubReciver", "IotHubReciver.csproj", "{438EE3C6-D72E-4D99-BF4D-DCA11CFE23B4}"
EndProject
Global
	GlobalSection(SolutionConfigurationPlatforms) = preSolution
		Debug|Any CPU = Debug|Any CPU
		Release|Any CPU = Release|Any CPU
	EndGlobalSection
	GlobalSection(ProjectConfigurationPlatforms) = postSolution
		{438EE3C6-D72E-4D99-BF4D-DCA11CFE23B4}.Debug|Any CPU.ActiveCfg = Debug|Any CPU
		{438EE3C6-D72E-4D99-BF4D-DCA11CFE23B4}.Debug|Any CPU.Build.0 = Debug|Any CPU
		{438EE3C6-D72E-4D99-BF4D-DCA11CFE23B4}.Release|Any CPU.ActiveCfg = Release|Any CPU
		{438EE3C6-D72E-4D99-BF4D-DCA11CFE23B4}.Release|Any CPU.Build.0 = Release|Any CPU
	EndGlobalSection
	GlobalSection(SolutionProperties) = preSolution
		HideSolutionNode = FALSE
	EndGlobalSection
	GlobalSection(ExtensibilityGlobals) = postSolution
		SolutionGuid = {DC997954-5466-4F59-B0F3-C54E6126E6BC}
	EndGlobalSection
EndGlobal
